
Microsoft Visual Studio Solution File, Format Version 12.00
# Visual Studio Version 17
VisualStudioVersion = 17.0.31903.59
MinimumVisualStudioVersion = 10.0.40219.1
Project("{2150E333-8FDC-42A3-9474-1A3956D46DE8}") = "src", "src", "{7BE24BC6-3B94-4B66-BD6D-F423DB1EB47B}"
EndProject
Project("{FAE04EC0-301F-11D3-BF4B-00C04F79EFBC}") = "ruinsandriches", "src\ruinsandriches\ruinsandriches.csproj", "{02543040-36F2-45E4-B822-008D1DAF20C3}"
EndProject
Project("{2150E333-8FDC-42A3-9474-1A3956D46DE8}") = "tests", "tests", "{75CF735C-28AD-476B-A4C2-CE53FC86284F}"
EndProject
Project("{FAE04EC0-301F-11D3-BF4B-00C04F79EFBC}") = "ruinsandriches.tests", "tests\ruinsandriches.tests\ruinsandriches.tests.csproj", "{2CB1B809-AF37-470A-BAFA-02F2ECB8A781}"
EndProject
Global
	GlobalSection(SolutionConfigurationPlatforms) = preSolution
		Debug|Any CPU = Debug|Any CPU
		Release|Any CPU = Release|Any CPU
	EndGlobalSection
	GlobalSection(SolutionProperties) = preSolution
		HideSolutionNode = FALSE
	EndGlobalSection
	GlobalSection(ProjectConfigurationPlatforms) = postSolution
		{02543040-36F2-45E4-B822-008D1DAF20C3}.Debug|Any CPU.ActiveCfg = Debug|Any CPU
		{02543040-36F2-45E4-B822-008D1DAF20C3}.Debug|Any CPU.Build.0 = Debug|Any CPU
		{02543040-36F2-45E4-B822-008D1DAF20C3}.Release|Any CPU.ActiveCfg = Release|Any CPU
		{02543040-36F2-45E4-B822-008D1DAF20C3}.Release|Any CPU.Build.0 = Release|Any CPU
		{2CB1B809-AF37-470A-BAFA-02F2ECB8A781}.Debug|Any CPU.ActiveCfg = Debug|Any CPU
		{2CB1B809-AF37-470A-BAFA-02F2ECB8A781}.Debug|Any CPU.Build.0 = Debug|Any CPU
		{2CB1B809-AF37-470A-BAFA-02F2ECB8A781}.Release|Any CPU.ActiveCfg = Release|Any CPU
		{2CB1B809-AF37-470A-BAFA-02F2ECB8A781}.Release|Any CPU.Build.0 = Release|Any CPU
	EndGlobalSection
	GlobalSection(NestedProjects) = preSolution
		{02543040-36F2-45E4-B822-008D1DAF20C3} = {7BE24BC6-3B94-4B66-BD6D-F423DB1EB47B}
		{2CB1B809-AF37-470A-BAFA-02F2ECB8A781} = {75CF735C-28AD-476B-A4C2-CE53FC86284F}
	EndGlobalSection
EndGlobal
